<?xml version="1.0" encoding="utf-8"?>
<Project ToolsVersion="4.0" xmlns="http://schemas.microsoft.com/developer/msbuild/2003">
  <ItemGroup>
    <Filter Include="Source Files">
      <UniqueIdentifier>{4FC737F1-C7A5-4376-A066-2A32D752A2FF}</UniqueIdentifier>
      <Extensions>cpp;c;cc;cxx;c++;cppm;ixx;def;odl;idl;hpj;bat;asm;asmx</Extensions>
    </Filter>
    <Filter Include="Header Files">
      <UniqueIdentifier>{93995380-89BD-4b04-88EB-625FBE52EBFB}</UniqueIdentifier>
      <Extensions>h;hh;hpp;hxx;h++;hm;inl;inc;ipp;xsd</Extensions>
    </Filter>
    <Filter Include="Resource Files">
      <UniqueIdentifier>{67DA6AB6-F800-4c08-8B7A-83BB121AAD01}</UniqueIdentifier>
      <Extensions>rc;ico;cur;bmp;dlg;rc2;rct;bin;rgs;gif;jpg;jpeg;jpe;resx;tiff;tif;png;wav;mfcribbon-ms</Extensions>
    </Filter>
  </ItemGroup>
  <ItemGroup>
    <ClInclude Include="framework.h">
      <Filter>Header Files</Filter>
    </ClInclude>
    <ClInclude Include="pch.h">
      <Filter>Header Files</Filter>
    </ClInclude>
    <ClInclude Include="AuthProtocol.h">
      <Filter>Header Files</Filter>
    </ClInclude>
    <ClInclude Include="Common.h">
      <Filter>Header Files</Filter>
    </ClInclude>
    <ClInclude Include="DBProtocol.h">
      <Filter>Header Files</Filter>
    </ClInclude>
    <ClInclude Include="IOException.h">
      <Filter>Header Files</Filter>
    </ClInclude>
    <ClInclude Include="IOLib.h">
      <Filter>Header Files</Filter>
    </ClInclude>
    <ClInclude Include="IOMemory.h">
      <Filter>Header Files</Filter>
    </ClInclude>
    <ClInclude Include="IOScreen.h">
      <Filter>Header Files</Filter>
    </ClInclude>
    <ClInclude Include="IOSocket.h">
      <Filter>Header Files</Filter>
    </ClInclude>
    <ClInclude Include="Link.h">
      <Filter>Header Files</Filter>
    </ClInclude>
    <ClInclude Include="LinkEx.h">
      <Filter>Header Files</Filter>
    </ClInclude>
    <ClInclude Include="Lisp.h">
      <Filter>Header Files</Filter>
    </ClInclude>
    <ClInclude Include="MainProtocol.h">
      <Filter>Header Files</Filter>
    </ClInclude>
    <ClInclude Include="ModelHeader.h">
      <Filter>Header Files</Filter>
    </ClInclude>
    <ClInclude Include="Update.h">
      <Filter>Header Files</Filter>
    </ClInclude>
    <ClInclude Include="Utility.h">
      <Filter>Header Files</Filter>
    </ClInclude>
    <ClInclude Include="XFile.h">
      <Filter>Header Files</Filter>
    </ClInclude>
    <ClInclude Include="XParser.h">
      <Filter>Header Files</Filter>
    </ClInclude>
  </ItemGroup>
  <ItemGroup>
    <ClCompile Include="XLib.cpp">
      <Filter>Source Files</Filter>
    </ClCompile>
    <ClCompile Include="pch.cpp">
      <Filter>Source Files</Filter>
    </ClCompile>
    <ClCompile Include="IOException.cpp">
      <Filter>Source Files</Filter>
    </ClCompile>
    <ClCompile Include="IOLib.cpp">
      <Filter>Source Files</Filter>
    </ClCompile>
    <ClCompile Include="IOMemory.cpp">
      <Filter>Source Files</Filter>
    </ClCompile>
    <ClCompile Include="IOScreen.cpp">
      <Filter>Source Files</Filter>
    </ClCompile>
    <ClCompile Include="IOSocket.cpp">
      <Filter>Source Files</Filter>
    </ClCompile>
    <ClCompile Include="Lisp.cpp">
      <Filter>Source Files</Filter>
    </ClCompile>
    <ClCompile Include="Utility.cpp">
      <Filter>Source Files</Filter>
    </ClCompile>
    <ClCompile Include="XFile.cpp">
      <Filter>Source Files</Filter>
    </ClCompile>
    <ClCompile Include="XParser.cpp">
      <Filter>Source Files</Filter>
    </ClCompile>
  </ItemGroup>
</Project>